// !$*UTF8*$!
{
	archiveVersion = 1;
	classes = {
	};
	objectVersion = 55;
	objects = {

/* Begin PBXBuildFile section */
		006C040E28436665001F0007 /* SoundManager.swift in Sources */ = {isa = PBXBuildFile; fileRef = 006C040D28436665001F0007 /* SoundManager.swift */; };
		006C041028436702001F0007 /* bullet.mp3 in Resources */ = {isa = PBXBuildFile; fileRef = 006C040F28436702001F0007 /* bullet.mp3 */; };
		0074460A2840F55F0099B6AE /* AppDelegate.swift in Sources */ = {isa = PBXBuildFile; fileRef = 007446092840F55F0099B6AE /* AppDelegate.swift */; };
		0074460C2840F55F0099B6AE /* SceneDelegate.swift in Sources */ = {isa = PBXBuildFile; fileRef = 0074460B2840F55F0099B6AE /* SceneDelegate.swift */; };
		0074460E2840F55F0099B6AE /* ViewController.swift in Sources */ = {isa = PBXBuildFile; fileRef = 0074460D2840F55F0099B6AE /* ViewController.swift */; };
		007446112840F55F0099B6AE /* Main.storyboard in Resources */ = {isa = PBXBuildFile; fileRef = 0074460F2840F55F0099B6AE /* Main.storyboard */; };
		007446132840F5600099B6AE /* Assets.xcassets in Resources */ = {isa = PBXBuildFile; fileRef = 007446122840F5600099B6AE /* Assets.xcassets */; };
		007446162840F5600099B6AE /* LaunchScreen.storyboard in Resources */ = {isa = PBXBuildFile; fileRef = 007446142840F5600099B6AE /* LaunchScreen.storyboard */; };
		0074461E2840F59D0099B6AE /* MainView.swift in Sources */ = {isa = PBXBuildFile; fileRef = 0074461D2840F59D0099B6AE /* MainView.swift */; };
		007446202840F60F0099B6AE /* Presenter.swift in Sources */ = {isa = PBXBuildFile; fileRef = 0074461F2840F60F0099B6AE /* Presenter.swift */; };
		007446222840F6430099B6AE /* ViewProtocol.swift in Sources */ = {isa = PBXBuildFile; fileRef = 007446212840F6430099B6AE /* ViewProtocol.swift */; };
		007446242840F68D0099B6AE /* PresenterProtocol.swift in Sources */ = {isa = PBXBuildFile; fileRef = 007446232840F68D0099B6AE /* PresenterProtocol.swift */; };
		007446262840F7350099B6AE /* MvpAssembler.swift in Sources */ = {isa = PBXBuildFile; fileRef = 007446252840F7350099B6AE /* MvpAssembler.swift */; };
		0074462B2840FC950099B6AE /* RobotModel.swift in Sources */ = {isa = PBXBuildFile; fileRef = 0074462A2840FC950099B6AE /* RobotModel.swift */; };
		0074794028415075003D67A7 /* BulletModel.swift in Sources */ = {isa = PBXBuildFile; fileRef = 0074793F28415075003D67A7 /* BulletModel.swift */; };
		007E4D6828426D480082C031 /* ExplosionModel.swift in Sources */ = {isa = PBXBuildFile; fileRef = 007E4D6728426D480082C031 /* ExplosionModel.swift */; };
		007E4D6A284286680082C031 /* Background.swift in Sources */ = {isa = PBXBuildFile; fileRef = 007E4D69284286680082C031 /* Background.swift */; };
		0083B2F928436D5300D8CDFF /* rocket.mp3 in Resources */ = {isa = PBXBuildFile; fileRef = 0083B2F828436D5300D8CDFF /* rocket.mp3 */; };
		0083B2FB284371B300D8CDFF /* blaster.mp3 in Resources */ = {isa = PBXBuildFile; fileRef = 0083B2FA284371B300D8CDFF /* blaster.mp3 */; };
		0083B2FD2843824D00D8CDFF /* boom.mp3 in Resources */ = {isa = PBXBuildFile; fileRef = 0083B2FC2843824D00D8CDFF /* boom.mp3 */; };
		0083B2FF28438B3E00D8CDFF /* hit.mp3 in Resources */ = {isa = PBXBuildFile; fileRef = 0083B2FE28438B3E00D8CDFF /* hit.mp3 */; };
		0083B30128438B4900D8CDFF /* penetration.mp3 in Resources */ = {isa = PBXBuildFile; fileRef = 0083B30028438B4900D8CDFF /* penetration.mp3 */; };
		0083B303284399D400D8CDFF /* ScoreModel.swift in Sources */ = {isa = PBXBuildFile; fileRef = 0083B302284399D400D8CDFF /* ScoreModel.swift */; };
		0083B30528439DDA00D8CDFF /* ScoreView.swift in Sources */ = {isa = PBXBuildFile; fileRef = 0083B30428439DDA00D8CDFF /* ScoreView.swift */; };
		0083B3072843C4FF00D8CDFF /* RestartButton.swift in Sources */ = {isa = PBXBuildFile; fileRef = 0083B3062843C4FF00D8CDFF /* RestartButton.swift */; };
		0083B3092843C51C00D8CDFF /* RestartButtonModel.swift in Sources */ = {isa = PBXBuildFile; fileRef = 0083B3082843C51C00D8CDFF /* RestartButtonModel.swift */; };
		0083B30B2843F54C00D8CDFF /* terrWin.mp3 in Resources */ = {isa = PBXBuildFile; fileRef = 0083B30A2843F54C00D8CDFF /* terrWin.mp3 */; };
		0083B30D2843F55E00D8CDFF /* countTerrWin.mp3 in Resources */ = {isa = PBXBuildFile; fileRef = 0083B30C2843F55E00D8CDFF /* countTerrWin.mp3 */; };
/* End PBXBuildFile section */

/* Begin PBXFileReference section */
		006C040D28436665001F0007 /* SoundManager.swift */ = {isa = PBXFileReference; lastKnownFileType = sourcecode.swift; path = SoundManager.swift; sourceTree = "<group>"; };
		006C040F28436702001F0007 /* bullet.mp3 */ = {isa = PBXFileReference; lastKnownFileType = audio.mp3; path = bullet.mp3; sourceTree = "<group>"; };
		007446062840F55F0099B6AE /* RoboWars.app */ = {isa = PBXFileReference; explicitFileType = wrapper.application; includeInIndex = 0; path = RoboWars.app; sourceTree = BUILT_PRODUCTS_DIR; };
		007446092840F55F0099B6AE /* AppDelegate.swift */ = {isa = PBXFileReference; lastKnownFileType = sourcecode.swift; path = AppDelegate.swift; sourceTree = "<group>"; };
		0074460B2840F55F0099B6AE /* SceneDelegate.swift */ = {isa = PBXFileReference; lastKnownFileType = sourcecode.swift; path = SceneDelegate.swift; sourceTree = "<group>"; };
		0074460D2840F55F0099B6AE /* ViewController.swift */ = {isa = PBXFileReference; lastKnownFileType = sourcecode.swift; path = ViewController.swift; sourceTree = "<group>"; };
		007446102840F55F0099B6AE /* Base */ = {isa = PBXFileReference; lastKnownFileType = file.storyboard; name = Base; path = Base.lproj/Main.storyboard; sourceTree = "<group>"; };
		007446122840F5600099B6AE /* Assets.xcassets */ = {isa = PBXFileReference; lastKnownFileType = folder.assetcatalog; path = Assets.xcassets; sourceTree = "<group>"; };
		007446152840F5600099B6AE /* Base */ = {isa = PBXFileReference; lastKnownFileType = file.storyboard; name = Base; path = Base.lproj/LaunchScreen.storyboard; sourceTree = "<group>"; };
		007446172840F5600099B6AE /* Info.plist */ = {isa = PBXFileReference; lastKnownFileType = text.plist.xml; path = Info.plist; sourceTree = "<group>"; };
		0074461D2840F59D0099B6AE /* MainView.swift */ = {isa = PBXFileReference; lastKnownFileType = sourcecode.swift; path = MainView.swift; sourceTree = "<group>"; };
		0074461F2840F60F0099B6AE /* Presenter.swift */ = {isa = PBXFileReference; lastKnownFileType = sourcecode.swift; path = Presenter.swift; sourceTree = "<group>"; };
		007446212840F6430099B6AE /* ViewProtocol.swift */ = {isa = PBXFileReference; lastKnownFileType = sourcecode.swift; path = ViewProtocol.swift; sourceTree = "<group>"; };
		007446232840F68D0099B6AE /* PresenterProtocol.swift */ = {isa = PBXFileReference; lastKnownFileType = sourcecode.swift; path = PresenterProtocol.swift; sourceTree = "<group>"; };
		007446252840F7350099B6AE /* MvpAssembler.swift */ = {isa = PBXFileReference; lastKnownFileType = sourcecode.swift; path = MvpAssembler.swift; sourceTree = "<group>"; };
		0074462A2840FC950099B6AE /* RobotModel.swift */ = {isa = PBXFileReference; lastKnownFileType = sourcecode.swift; path = RobotModel.swift; sourceTree = "<group>"; };
		0074793F28415075003D67A7 /* BulletModel.swift */ = {isa = PBXFileReference; lastKnownFileType = sourcecode.swift; path = BulletModel.swift; sourceTree = "<group>"; };
		007E4D6728426D480082C031 /* ExplosionModel.swift */ = {isa = PBXFileReference; lastKnownFileType = sourcecode.swift; path = ExplosionModel.swift; sourceTree = "<group>"; };
		007E4D69284286680082C031 /* Background.swift */ = {isa = PBXFileReference; lastKnownFileType = sourcecode.swift; path = Background.swift; sourceTree = "<group>"; };
		0083B2F828436D5300D8CDFF /* rocket.mp3 */ = {isa = PBXFileReference; lastKnownFileType = audio.mp3; path = rocket.mp3; sourceTree = "<group>"; };
		0083B2FA284371B300D8CDFF /* blaster.mp3 */ = {isa = PBXFileReference; lastKnownFileType = audio.mp3; path = blaster.mp3; sourceTree = "<group>"; };
		0083B2FC2843824D00D8CDFF /* boom.mp3 */ = {isa = PBXFileReference; lastKnownFileType = audio.mp3; path = boom.mp3; sourceTree = "<group>"; };
		0083B2FE28438B3E00D8CDFF /* hit.mp3 */ = {isa = PBXFileReference; lastKnownFileType = audio.mp3; path = hit.mp3; sourceTree = "<group>"; };
		0083B30028438B4900D8CDFF /* penetration.mp3 */ = {isa = PBXFileReference; lastKnownFileType = audio.mp3; path = penetration.mp3; sourceTree = "<group>"; };
		0083B302284399D400D8CDFF /* ScoreModel.swift */ = {isa = PBXFileReference; lastKnownFileType = sourcecode.swift; path = ScoreModel.swift; sourceTree = "<group>"; };
		0083B30428439DDA00D8CDFF /* ScoreView.swift */ = {isa = PBXFileReference; lastKnownFileType = sourcecode.swift; path = ScoreView.swift; sourceTree = "<group>"; };
		0083B3062843C4FF00D8CDFF /* RestartButton.swift */ = {isa = PBXFileReference; lastKnownFileType = sourcecode.swift; path = RestartButton.swift; sourceTree = "<group>"; };
		0083B3082843C51C00D8CDFF /* RestartButtonModel.swift */ = {isa = PBXFileReference; lastKnownFileType = sourcecode.swift; path = RestartButtonModel.swift; sourceTree = "<group>"; };
		0083B30A2843F54C00D8CDFF /* terrWin.mp3 */ = {isa = PBXFileReference; lastKnownFileType = audio.mp3; path = terrWin.mp3; sourceTree = "<group>"; };
		0083B30C2843F55E00D8CDFF /* countTerrWin.mp3 */ = {isa = PBXFileReference; lastKnownFileType = audio.mp3; path = countTerrWin.mp3; sourceTree = "<group>"; };
/* End PBXFileReference section */

/* Begin PBXFrameworksBuildPhase section */
		007446032840F55F0099B6AE /* Frameworks */ = {
			isa = PBXFrameworksBuildPhase;
			buildActionMask = 2147483647;
			files = (
			);
			runOnlyForDeploymentPostprocessing = 0;
		};
/* End PBXFrameworksBuildPhase section */

/* Begin PBXGroup section */
		006C041128436707001F0007 /* Sounds */ = {
			isa = PBXGroup;
			children = (
				006C040F28436702001F0007 /* bullet.mp3 */,
				0083B2FE28438B3E00D8CDFF /* hit.mp3 */,
				0083B30C2843F55E00D8CDFF /* countTerrWin.mp3 */,
				0083B30028438B4900D8CDFF /* penetration.mp3 */,
				0083B30A2843F54C00D8CDFF /* terrWin.mp3 */,
				0083B2FA284371B300D8CDFF /* blaster.mp3 */,
				0083B2FC2843824D00D8CDFF /* boom.mp3 */,
				0083B2F828436D5300D8CDFF /* rocket.mp3 */,
			);
			path = Sounds;
			sourceTree = "<group>";
		};
		007445FD2840F55F0099B6AE = {
			isa = PBXGroup;
			children = (
				007446082840F55F0099B6AE /* RoboWars */,
				007446072840F55F0099B6AE /* Products */,
			);
			sourceTree = "<group>";
		};
		007446072840F55F0099B6AE /* Products */ = {
			isa = PBXGroup;
			children = (
				007446062840F55F0099B6AE /* RoboWars.app */,
			);
			name = Products;
			sourceTree = "<group>";
		};
		007446082840F55F0099B6AE /* RoboWars */ = {
			isa = PBXGroup;
			children = (
				007446092840F55F0099B6AE /* AppDelegate.swift */,
				0074460B2840F55F0099B6AE /* SceneDelegate.swift */,
				0074462C2840FC9A0099B6AE /* Models */,
				007446272840F9B00099B6AE /* View */,
				007446282840F9C30099B6AE /* Presenter */,
				007446292840F9F60099B6AE /* Services */,
				0074460F2840F55F0099B6AE /* Main.storyboard */,
				007446122840F5600099B6AE /* Assets.xcassets */,
				007446142840F5600099B6AE /* LaunchScreen.storyboard */,
				007446172840F5600099B6AE /* Info.plist */,
			);
			path = RoboWars;
			sourceTree = "<group>";
		};
		007446272840F9B00099B6AE /* View */ = {
			isa = PBXGroup;
			children = (
				0074460D2840F55F0099B6AE /* ViewController.swift */,
				0074461D2840F59D0099B6AE /* MainView.swift */,
				0083B30428439DDA00D8CDFF /* ScoreView.swift */,
				0083B3062843C4FF00D8CDFF /* RestartButton.swift */,
			);
			path = View;
			sourceTree = "<group>";
		};
		007446282840F9C30099B6AE /* Presenter */ = {
			isa = PBXGroup;
			children = (
				0074461F2840F60F0099B6AE /* Presenter.swift */,
				007446212840F6430099B6AE /* ViewProtocol.swift */,
				007446232840F68D0099B6AE /* PresenterProtocol.swift */,
			);
			path = Presenter;
			sourceTree = "<group>";
		};
		007446292840F9F60099B6AE /* Services */ = {
			isa = PBXGroup;
			children = (
				007446252840F7350099B6AE /* MvpAssembler.swift */,
				006C040D28436665001F0007 /* SoundManager.swift */,
				006C041128436707001F0007 /* Sounds */,
			);
			path = Services;
			sourceTree = "<group>";
		};
		0074462C2840FC9A0099B6AE /* Models */ = {
			isa = PBXGroup;
			children = (
				007E4D69284286680082C031 /* Background.swift */,
				0083B302284399D400D8CDFF /* ScoreModel.swift */,
				0083B3082843C51C00D8CDFF /* RestartButtonModel.swift */,
				0074462A2840FC950099B6AE /* RobotModel.swift */,
				0074793F28415075003D67A7 /* BulletModel.swift */,
				007E4D6728426D480082C031 /* ExplosionModel.swift */,
			);
			path = Models;
			sourceTree = "<group>";
		};
/* End PBXGroup section */

/* Begin PBXNativeTarget section */
		007446052840F55F0099B6AE /* RoboWars */ = {
			isa = PBXNativeTarget;
			buildConfigurationList = 0074461A2840F5600099B6AE /* Build configuration list for PBXNativeTarget "RoboWars" */;
			buildPhases = (
				007446022840F55F0099B6AE /* Sources */,
				007446032840F55F0099B6AE /* Frameworks */,
				007446042840F55F0099B6AE /* Resources */,
			);
			buildRules = (
			);
			dependencies = (
			);
			name = RoboWars;
			productName = RoboWars;
			productReference = 007446062840F55F0099B6AE /* RoboWars.app */;
			productType = "com.apple.product-type.application";
		};
/* End PBXNativeTarget section */

/* Begin PBXProject section */
		007445FE2840F55F0099B6AE /* Project object */ = {
			isa = PBXProject;
			attributes = {
				BuildIndependentTargetsInParallel = 1;
				LastSwiftUpdateCheck = 1340;
				LastUpgradeCheck = 1340;
				TargetAttributes = {
					007446052840F55F0099B6AE = {
						CreatedOnToolsVersion = 13.4;
					};
				};
			};
			buildConfigurationList = 007446012840F55F0099B6AE /* Build configuration list for PBXProject "RoboWars" */;
			compatibilityVersion = "Xcode 13.0";
			developmentRegion = en;
			hasScannedForEncodings = 0;
			knownRegions = (
				en,
				Base,
			);
			mainGroup = 007445FD2840F55F0099B6AE;
			productRefGroup = 007446072840F55F0099B6AE /* Products */;
			projectDirPath = "";
			projectRoot = "";
			targets = (
				007446052840F55F0099B6AE /* RoboWars */,
			);
		};
/* End PBXProject section */

/* Begin PBXResourcesBuildPhase section */
		007446042840F55F0099B6AE /* Resources */ = {
			isa = PBXResourcesBuildPhase;
			buildActionMask = 2147483647;
			files = (
				0083B30D2843F55E00D8CDFF /* countTerrWin.mp3 in Resources */,
				0083B2FB284371B300D8CDFF /* blaster.mp3 in Resources */,
				006C041028436702001F0007 /* bullet.mp3 in Resources */,
				0083B30B2843F54C00D8CDFF /* terrWin.mp3 in Resources */,
				0083B30128438B4900D8CDFF /* penetration.mp3 in Resources */,
				0083B2FF28438B3E00D8CDFF /* hit.mp3 in Resources */,
				0083B2F928436D5300D8CDFF /* rocket.mp3 in Resources */,
				0083B2FD2843824D00D8CDFF /* boom.mp3 in Resources */,
				007446162840F5600099B6AE /* LaunchScreen.storyboard in Resources */,
				007446132840F5600099B6AE /* Assets.xcassets in Resources */,
				007446112840F55F0099B6AE /* Main.storyboard in Resources */,
			);
			runOnlyForDeploymentPostprocessing = 0;
		};
/* End PBXResourcesBuildPhase section */

/* Begin PBXSourcesBuildPhase section */
		007446022840F55F0099B6AE /* Sources */ = {
			isa = PBXSourcesBuildPhase;
			buildActionMask = 2147483647;
			files = (
				0083B303284399D400D8CDFF /* ScoreModel.swift in Sources */,
				0083B30528439DDA00D8CDFF /* ScoreView.swift in Sources */,
				0074460E2840F55F0099B6AE /* ViewController.swift in Sources */,
				0074461E2840F59D0099B6AE /* MainView.swift in Sources */,
				0074460A2840F55F0099B6AE /* AppDelegate.swift in Sources */,
				0074460C2840F55F0099B6AE /* SceneDelegate.swift in Sources */,
				007446222840F6430099B6AE /* ViewProtocol.swift in Sources */,
				006C040E28436665001F0007 /* SoundManager.swift in Sources */,
				007E4D6828426D480082C031 /* ExplosionModel.swift in Sources */,
				0083B3092843C51C00D8CDFF /* RestartButtonModel.swift in Sources */,
				0083B3072843C4FF00D8CDFF /* RestartButton.swift in Sources */,
				0074794028415075003D67A7 /* BulletModel.swift in Sources */,
				007446202840F60F0099B6AE /* Presenter.swift in Sources */,
				007446262840F7350099B6AE /* MvpAssembler.swift in Sources */,
				007446242840F68D0099B6AE /* PresenterProtocol.swift in Sources */,
				007E4D6A284286680082C031 /* Background.swift in Sources */,
				0074462B2840FC950099B6AE /* RobotModel.swift in Sources */,
			);
			runOnlyForDeploymentPostprocessing = 0;
		};
/* End PBXSourcesBuildPhase section */

/* Begin PBXVariantGroup section */
		0074460F2840F55F0099B6AE /* Main.storyboard */ = {
			isa = PBXVariantGroup;
			children = (
				007446102840F55F0099B6AE /* Base */,
			);
			name = Main.storyboard;
			sourceTree = "<group>";
		};
		007446142840F5600099B6AE /* LaunchScreen.storyboard */ = {
			isa = PBXVariantGroup;
			children = (
				007446152840F5600099B6AE /* Base */,
			);
			name = LaunchScreen.storyboard;
			sourceTree = "<group>";
		};
/* End PBXVariantGroup section */

/* Begin XCBuildConfiguration section */
		007446182840F5600099B6AE /* Debug */ = {
			isa = XCBuildConfiguration;
			buildSettings = {
				ALWAYS_SEARCH_USER_PATHS = NO;
				CLANG_ANALYZER_NONNULL = YES;
				CLANG_ANALYZER_NUMBER_OBJECT_CONVERSION = YES_AGGRESSIVE;
				CLANG_CXX_LANGUAGE_STANDARD = "gnu++17";
				CLANG_ENABLE_MODULES = YES;
				CLANG_ENABLE_OBJC_ARC = YES;
				CLANG_ENABLE_OBJC_WEAK = YES;
				CLANG_WARN_BLOCK_CAPTURE_AUTORELEASING = YES;
				CLANG_WARN_BOOL_CONVERSION = YES;
				CLANG_WARN_COMMA = YES;
				CLANG_WARN_CONSTANT_CONVERSION = YES;
				CLANG_WARN_DEPRECATED_OBJC_IMPLEMENTATIONS = YES;
				CLANG_WARN_DIRECT_OBJC_ISA_USAGE = YES_ERROR;
				CLANG_WARN_DOCUMENTATION_COMMENTS = YES;
				CLANG_WARN_EMPTY_BODY = YES;
				CLANG_WARN_ENUM_CONVERSION = YES;
				CLANG_WARN_INFINITE_RECURSION = YES;
				CLANG_WARN_INT_CONVERSION = YES;
				CLANG_WARN_NON_LITERAL_NULL_CONVERSION = YES;
				CLANG_WARN_OBJC_IMPLICIT_RETAIN_SELF = YES;
				CLANG_WARN_OBJC_LITERAL_CONVERSION = YES;
				CLANG_WARN_OBJC_ROOT_CLASS = YES_ERROR;
				CLANG_WARN_QUOTED_INCLUDE_IN_FRAMEWORK_HEADER = YES;
				CLANG_WARN_RANGE_LOOP_ANALYSIS = YES;
				CLANG_WARN_STRICT_PROTOTYPES = YES;
				CLANG_WARN_SUSPICIOUS_MOVE = YES;
				CLANG_WARN_UNGUARDED_AVAILABILITY = YES_AGGRESSIVE;
				CLANG_WARN_UNREACHABLE_CODE = YES;
				CLANG_WARN__DUPLICATE_METHOD_MATCH = YES;
				COPY_PHASE_STRIP = NO;
				DEBUG_INFORMATION_FORMAT = dwarf;
				ENABLE_STRICT_OBJC_MSGSEND = YES;
				ENABLE_TESTABILITY = YES;
				GCC_C_LANGUAGE_STANDARD = gnu11;
				GCC_DYNAMIC_NO_PIC = NO;
				GCC_NO_COMMON_BLOCKS = YES;
				GCC_OPTIMIZATION_LEVEL = 0;
				GCC_PREPROCESSOR_DEFINITIONS = (
					"DEBUG=1",
					"$(inherited)",
				);
				GCC_WARN_64_TO_32_BIT_CONVERSION = YES;
				GCC_WARN_ABOUT_RETURN_TYPE = YES_ERROR;
				GCC_WARN_UNDECLARED_SELECTOR = YES;
				GCC_WARN_UNINITIALIZED_AUTOS = YES_AGGRESSIVE;
				GCC_WARN_UNUSED_FUNCTION = YES;
				GCC_WARN_UNUSED_VARIABLE = YES;
				IPHONEOS_DEPLOYMENT_TARGET = 15.5;
				MTL_ENABLE_DEBUG_INFO = INCLUDE_SOURCE;
				MTL_FAST_MATH = YES;
				ONLY_ACTIVE_ARCH = YES;
				SDKROOT = iphoneos;
				SWIFT_ACTIVE_COMPILATION_CONDITIONS = DEBUG;
				SWIFT_OPTIMIZATION_LEVEL = "-Onone";
			};
			name = Debug;
		};
		007446192840F5600099B6AE /* Release */ = {
			isa = XCBuildConfiguration;
			buildSettings = {
				ALWAYS_SEARCH_USER_PATHS = NO;
				CLANG_ANALYZER_NONNULL = YES;
				CLANG_ANALYZER_NUMBER_OBJECT_CONVERSION = YES_AGGRESSIVE;
				CLANG_CXX_LANGUAGE_STANDARD = "gnu++17";
				CLANG_ENABLE_MODULES = YES;
				CLANG_ENABLE_OBJC_ARC = YES;
				CLANG_ENABLE_OBJC_WEAK = YES;
				CLANG_WARN_BLOCK_CAPTURE_AUTORELEASING = YES;
				CLANG_WARN_BOOL_CONVERSION = YES;
				CLANG_WARN_COMMA = YES;
				CLANG_WARN_CONSTANT_CONVERSION = YES;
				CLANG_WARN_DEPRECATED_OBJC_IMPLEMENTATIONS = YES;
				CLANG_WARN_DIRECT_OBJC_ISA_USAGE = YES_ERROR;
				CLANG_WARN_DOCUMENTATION_COMMENTS = YES;
				CLANG_WARN_EMPTY_BODY = YES;
				CLANG_WARN_ENUM_CONVERSION = YES;
				CLANG_WARN_INFINITE_RECURSION = YES;
				CLANG_WARN_INT_CONVERSION = YES;
				CLANG_WARN_NON_LITERAL_NULL_CONVERSION = YES;
				CLANG_WARN_OBJC_IMPLICIT_RETAIN_SELF = YES;
				CLANG_WARN_OBJC_LITERAL_CONVERSION = YES;
				CLANG_WARN_OBJC_ROOT_CLASS = YES_ERROR;
				CLANG_WARN_QUOTED_INCLUDE_IN_FRAMEWORK_HEADER = YES;
				CLANG_WARN_RANGE_LOOP_ANALYSIS = YES;
				CLANG_WARN_STRICT_PROTOTYPES = YES;
				CLANG_WARN_SUSPICIOUS_MOVE = YES;
				CLANG_WARN_UNGUARDED_AVAILABILITY = YES_AGGRESSIVE;
				CLANG_WARN_UNREACHABLE_CODE = YES;
				CLANG_WARN__DUPLICATE_METHOD_MATCH = YES;
				COPY_PHASE_STRIP = NO;
				DEBUG_INFORMATION_FORMAT = "dwarf-with-dsym";
				ENABLE_NS_ASSERTIONS = NO;
				ENABLE_STRICT_OBJC_MSGSEND = YES;
				GCC_C_LANGUAGE_STANDARD = gnu11;
				GCC_NO_COMMON_BLOCKS = YES;
				GCC_WARN_64_TO_32_BIT_CONVERSION = YES;
				GCC_WARN_ABOUT_RETURN_TYPE = YES_ERROR;
				GCC_WARN_UNDECLARED_SELECTOR = YES;
				GCC_WARN_UNINITIALIZED_AUTOS = YES_AGGRESSIVE;
				GCC_WARN_UNUSED_FUNCTION = YES;
				GCC_WARN_UNUSED_VARIABLE = YES;
				IPHONEOS_DEPLOYMENT_TARGET = 15.5;
				MTL_ENABLE_DEBUG_INFO = NO;
				MTL_FAST_MATH = YES;
				SDKROOT = iphoneos;
				SWIFT_COMPILATION_MODE = wholemodule;
				SWIFT_OPTIMIZATION_LEVEL = "-O";
				VALIDATE_PRODUCT = YES;
			};
			name = Release;
		};
		0074461B2840F5600099B6AE /* Debug */ = {
			isa = XCBuildConfiguration;
			buildSettings = {
				ASSETCATALOG_COMPILER_APPICON_NAME = AppIcon;
				ASSETCATALOG_COMPILER_GLOBAL_ACCENT_COLOR_NAME = AccentColor;
				CODE_SIGN_STYLE = Automatic;
				CURRENT_PROJECT_VERSION = 1;
				DEVELOPMENT_TEAM = J3VZ559A8H;
				GENERATE_INFOPLIST_FILE = YES;
				INFOPLIST_FILE = RoboWars/Info.plist;
				INFOPLIST_KEY_UIApplicationSupportsIndirectInputEvents = YES;
				INFOPLIST_KEY_UILaunchStoryboardName = LaunchScreen;
				INFOPLIST_KEY_UIMainStoryboardFile = Main;
				INFOPLIST_KEY_UISupportedInterfaceOrientations = UIInterfaceOrientationPortrait;
				INFOPLIST_KEY_UISupportedInterfaceOrientations_iPad = "UIInterfaceOrientationPortrait UIInterfaceOrientationPortraitUpsideDown UIInterfaceOrientationLandscapeLeft UIInterfaceOrientationLandscapeRight";
				INFOPLIST_KEY_UISupportedInterfaceOrientations_iPhone = "UIInterfaceOrientationPortrait UIInterfaceOrientationLandscapeLeft UIInterfaceOrientationLandscapeRight";
				LD_RUNPATH_SEARCH_PATHS = (
					"$(inherited)",
					"@executable_path/Frameworks",
				);
				MARKETING_VERSION = 1.0;
				PRODUCT_BUNDLE_IDENTIFIER = ZDV.RoboWars;
				PRODUCT_NAME = "$(TARGET_NAME)";
				SWIFT_EMIT_LOC_STRINGS = YES;
				SWIFT_VERSION = 5.0;
				TARGETED_DEVICE_FAMILY = 1;
			};
			name = Debug;
		};
		0074461C2840F5600099B6AE /* Release */ = {
			isa = XCBuildConfiguration;
			buildSettings = {
				ASSETCATALOG_COMPILER_APPICON_NAME = AppIcon;
				ASSETCATALOG_COMPILER_GLOBAL_ACCENT_COLOR_NAME = AccentColor;
				CODE_SIGN_STYLE = Automatic;
				CURRENT_PROJECT_VERSION = 1;
				DEVELOPMENT_TEAM = J3VZ559A8H;
				GENERATE_INFOPLIST_FILE = YES;
				INFOPLIST_FILE = RoboWars/Info.plist;
				INFOPLIST_KEY_UIApplicationSupportsIndirectInputEvents = YES;
				INFOPLIST_KEY_UILaunchStoryboardName = LaunchScreen;
				INFOPLIST_KEY_UIMainStoryboardFile = Main;
				INFOPLIST_KEY_UISupportedInterfaceOrientations = UIInterfaceOrientationPortrait;
				INFOPLIST_KEY_UISupportedInterfaceOrientations_iPad = "UIInterfaceOrientationPortrait UIInterfaceOrientationPortraitUpsideDown UIInterfaceOrientationLandscapeLeft UIInterfaceOrientationLandscapeRight";
				INFOPLIST_KEY_UISupportedInterfaceOrientations_iPhone = "UIInterfaceOrientationPortrait UIInterfaceOrientationLandscapeLeft UIInterfaceOrientationLandscapeRight";
				LD_RUNPATH_SEARCH_PATHS = (
					"$(inherited)",
					"@executable_path/Frameworks",
				);
				MARKETING_VERSION = 1.0;
				PRODUCT_BUNDLE_IDENTIFIER = ZDV.RoboWars;
				PRODUCT_NAME = "$(TARGET_NAME)";
				SWIFT_EMIT_LOC_STRINGS = YES;
				SWIFT_VERSION = 5.0;
				TARGETED_DEVICE_FAMILY = 1;
			};
			name = Release;
		};
/* End XCBuildConfiguration section */

/* Begin XCConfigurationList section */
		007446012840F55F0099B6AE /* Build configuration list for PBXProject "RoboWars" */ = {
			isa = XCConfigurationList;
			buildConfigurations = (
				007446182840F5600099B6AE /* Debug */,
				007446192840F5600099B6AE /* Release */,
			);
			defaultConfigurationIsVisible = 0;
			defaultConfigurationName = Release;
		};
		0074461A2840F5600099B6AE /* Build configuration list for PBXNativeTarget "RoboWars" */ = {
			isa = XCConfigurationList;
			buildConfigurations = (
				0074461B2840F5600099B6AE /* Debug */,
				0074461C2840F5600099B6AE /* Release */,
			);
			defaultConfigurationIsVisible = 0;
			defaultConfigurationName = Release;
		};
/* End XCConfigurationList section */
	};
	rootObject = 007445FE2840F55F0099B6AE /* Project object */;
}
